<?xml version="1.0" encoding="utf-8"?>
<Project ToolsVersion="4.0" xmlns="http://schemas.microsoft.com/developer/msbuild/2003">
  <ItemGroup>
    <Filter Include="Исходные файлы">
      <UniqueIdentifier>{4FC737F1-C7A5-4376-A066-2A32D752A2FF}</UniqueIdentifier>
      <Extensions>cpp;c;cc;cxx;c++;cppm;ixx;def;odl;idl;hpj;bat;asm;asmx</Extensions>
    </Filter>
    <Filter Include="Файлы заголовков">
      <UniqueIdentifier>{93995380-89BD-4b04-88EB-625FBE52EBFB}</UniqueIdentifier>
      <Extensions>h;hh;hpp;hxx;h++;hm;inl;inc;ipp;xsd</Extensions>
    </Filter>
    <Filter Include="Файлы ресурсов">
      <UniqueIdentifier>{67DA6AB6-F800-4c08-8B7A-83BB121AAD01}</UniqueIdentifier>
      <Extensions>rc;ico;cur;bmp;dlg;rc2;rct;bin;rgs;gif;jpg;jpeg;jpe;resx;tiff;tif;png;wav;mfcribbon-ms</Extensions>
    </Filter>
    <Filter Include="Исходные файлы\Modes">
      <UniqueIdentifier>{1efb38cb-a72b-4fd4-a976-479da480a056}</UniqueIdentifier>
    </Filter>
    <Filter Include="Исходные файлы\Robots">
      <UniqueIdentifier>{23b7d5ef-393c-4c2b-90c3-30dbf8a17697}</UniqueIdentifier>
    </Filter>
    <Filter Include="Файлы заголовков\Robots">
      <UniqueIdentifier>{fa9a9ac8-57a8-496a-b781-269862f0302f}</UniqueIdentifier>
    </Filter>
    <Filter Include="Файлы заголовков\Modes">
      <UniqueIdentifier>{52da24a0-109f-4178-ae8e-5863c588f89a}</UniqueIdentifier>
    </Filter>
  </ItemGroup>
  <ItemGroup>
    <ClCompile Include="game.cpp">
      <Filter>Исходные файлы</Filter>
    </ClCompile>
    <ClCompile Include="Robot.cpp">
      <Filter>Исходные файлы\Robots</Filter>
    </ClCompile>
    <ClCompile Include="Sapper.cpp">
      <Filter>Исходные файлы\Robots</Filter>
    </ClCompile>
    <ClCompile Include="Collector.cpp">
      <Filter>Исходные файлы\Robots</Filter>
    </ClCompile>
    <ClCompile Include="Mode.cpp">
      <Filter>Исходные файлы\Modes</Filter>
    </ClCompile>
    <ClCompile Include="Manual.cpp">
      <Filter>Исходные файлы\Modes</Filter>
    </ClCompile>
    <ClCompile Include="Auto.cpp">
      <Filter>Исходные файлы\Modes</Filter>
    </ClCompile>
    <ClCompile Include="Scan.cpp">
      <Filter>Исходные файлы\Modes</Filter>
    </ClCompile>
    <ClCompile Include="main.cpp">
      <Filter>Исходные файлы</Filter>
    </ClCompile>
    <ClCompile Include="Parser.cpp">
      <Filter>Исходные файлы</Filter>
    </ClCompile>
    <ClCompile Include="Console.cpp">
      <Filter>Исходные файлы</Filter>
    </ClCompile>
    <ClCompile Include="Command.cpp">
      <Filter>Исходные файлы</Filter>
    </ClCompile>
    <ClCompile Include="Manager.cpp">
      <Filter>Исходные файлы</Filter>
    </ClCompile>
    <ClCompile Include="Repeater.cpp">
      <Filter>Исходные файлы</Filter>
    </ClCompile>
    <ClCompile Include="Main_Map.cpp">
      <Filter>Исходные файлы</Filter>
    </ClCompile>
    <ClCompile Include="Context.cpp">
      <Filter>Исходные файлы</Filter>
    </ClCompile>
    <ClCompile Include="Playground.cpp">
      <Filter>Исходные файлы</Filter>
    </ClCompile>
  </ItemGroup>
  <ItemGroup>
    <ClInclude Include="game.h">
      <Filter>Файлы заголовков</Filter>
    </ClInclude>
    <ClInclude Include="Robot.h">
      <Filter>Файлы заголовков\Robots</Filter>
    </ClInclude>
    <ClInclude Include="Sapper.h">
      <Filter>Файлы заголовков\Robots</Filter>
    </ClInclude>
    <ClInclude Include="Collector.h">
      <Filter>Файлы заголовков\Robots</Filter>
    </ClInclude>
    <ClInclude Include="Mode.h">
      <Filter>Файлы заголовков\Modes</Filter>
    </ClInclude>
    <ClInclude Include="Manual.h">
      <Filter>Файлы заголовков\Modes</Filter>
    </ClInclude>
    <ClInclude Include="Auto.h">
      <Filter>Файлы заголовков\Modes</Filter>
    </ClInclude>
    <ClInclude Include="Scan.h">
      <Filter>Файлы заголовков\Modes</Filter>
    </ClInclude>
    <ClInclude Include="Parser.h">
      <Filter>Файлы заголовков</Filter>
    </ClInclude>
    <ClInclude Include="Console.h">
      <Filter>Файлы заголовков</Filter>
    </ClInclude>
    <ClInclude Include="Command.h">
      <Filter>Файлы заголовков</Filter>
    </ClInclude>
    <ClInclude Include="Manager.h">
      <Filter>Файлы заголовков</Filter>
    </ClInclude>
    <ClInclude Include="resource.h">
      <Filter>Файлы заголовков</Filter>
    </ClInclude>
    <ClInclude Include="Repeater.h">
      <Filter>Файлы заголовков</Filter>
    </ClInclude>
    <ClInclude Include="Main_Map.h">
      <Filter>Файлы заголовков</Filter>
    </ClInclude>
    <ClInclude Include="Context.h">
      <Filter>Файлы заголовков</Filter>
    </ClInclude>
    <ClInclude Include="Playground.h">
      <Filter>Файлы заголовков</Filter>
    </ClInclude>
  </ItemGroup>
  <ItemGroup>
    <ResourceCompile Include="robots_on_mars.rc">
      <Filter>Файлы ресурсов</Filter>
    </ResourceCompile>
  </ItemGroup>
</Project>